
Microsoft Visual Studio Solution File, Format Version 12.00
# Visual Studio Version 17
VisualStudioVersion = 17.11.35303.130
MinimumVisualStudioVersion = 10.0.40219.1
Project("{FAE04EC0-301F-11D3-BF4B-00C04F79EFBC}") = "CarDealership", "CarDealership\CarDealership.csproj", "{FC4B1113-BBB5-4373-B65B-95166535DFC5}"
EndProject
Global
	GlobalSection(SolutionConfigurationPlatforms) = preSolution
		Debug|Any CPU = Debug|Any CPU
		Release|Any CPU = Release|Any CPU
	EndGlobalSection
	GlobalSection(ProjectConfigurationPlatforms) = postSolution
		{FC4B1113-BBB5-4373-B65B-95166535DFC5}.Debug|Any CPU.ActiveCfg = Debug|Any CPU
		{FC4B1113-BBB5-4373-B65B-95166535DFC5}.Debug|Any CPU.Build.0 = Debug|Any CPU
		{FC4B1113-BBB5-4373-B65B-95166535DFC5}.Release|Any CPU.ActiveCfg = Release|Any CPU
		{FC4B1113-BBB5-4373-B65B-95166535DFC5}.Release|Any CPU.Build.0 = Release|Any CPU
	EndGlobalSection
	GlobalSection(SolutionProperties) = preSolution
		HideSolutionNode = FALSE
	EndGlobalSection
	GlobalSection(ExtensibilityGlobals) = postSolution
		SolutionGuid = {90FD090E-D815-47D5-BA9A-D31E226E1148}
	EndGlobalSection
EndGlobal
